
Microsoft Visual Studio Solution File, Format Version 12.00
# Visual Studio Version 17
VisualStudioVersion = 17.0.31919.166
MinimumVisualStudioVersion = 10.0.40219.1
Project("{9A19103F-16F7-4668-BE54-9A1E7A4F7556}") = "IcarusDataMiner", "IcarusDataMiner\IcarusDataMiner.csproj", "{DB75D5E8-077C-47A5-84B7-6D23CF7FE210}"
EndProject
Project("{9A19103F-16F7-4668-BE54-9A1E7A4F7556}") = "CUE4Parse", "CUE4Parse\CUE4Parse\CUE4Parse.csproj", "{B2220FF4-55B0-41C6-9A30-D9A70CF21352}"
EndProject
Project("{9A19103F-16F7-4668-BE54-9A1E7A4F7556}") = "CUE4Parse-Conversion", "CUE4Parse\CUE4Parse-Conversion\CUE4Parse-Conversion.csproj", "{2D45491C-004B-4679-A4EA-3A1B6B1DEBC6}"
EndProject
Global
	GlobalSection(SolutionConfigurationPlatforms) = preSolution
		Debug|Any CPU = Debug|Any CPU
		Debug|x64 = Debug|x64
		Release|Any CPU = Release|Any CPU
		Release|x64 = Release|x64
	EndGlobalSection
	GlobalSection(ProjectConfigurationPlatforms) = postSolution
		{DB75D5E8-077C-47A5-84B7-6D23CF7FE210}.Debug|Any CPU.ActiveCfg = Debug|x64
		{DB75D5E8-077C-47A5-84B7-6D23CF7FE210}.Debug|Any CPU.Build.0 = Debug|x64
		{DB75D5E8-077C-47A5-84B7-6D23CF7FE210}.Debug|x64.ActiveCfg = Debug|x64
		{DB75D5E8-077C-47A5-84B7-6D23CF7FE210}.Debug|x64.Build.0 = Debug|x64
		{DB75D5E8-077C-47A5-84B7-6D23CF7FE210}.Release|Any CPU.ActiveCfg = Release|x64
		{DB75D5E8-077C-47A5-84B7-6D23CF7FE210}.Release|Any CPU.Build.0 = Release|x64
		{DB75D5E8-077C-47A5-84B7-6D23CF7FE210}.Release|x64.ActiveCfg = Release|x64
		{DB75D5E8-077C-47A5-84B7-6D23CF7FE210}.Release|x64.Build.0 = Release|x64
		{B2220FF4-55B0-41C6-9A30-D9A70CF21352}.Debug|Any CPU.ActiveCfg = Debug|Any CPU
		{B2220FF4-55B0-41C6-9A30-D9A70CF21352}.Debug|Any CPU.Build.0 = Debug|Any CPU
		{B2220FF4-55B0-41C6-9A30-D9A70CF21352}.Debug|x64.ActiveCfg = Debug|Any CPU
		{B2220FF4-55B0-41C6-9A30-D9A70CF21352}.Debug|x64.Build.0 = Debug|Any CPU
		{B2220FF4-55B0-41C6-9A30-D9A70CF21352}.Release|Any CPU.ActiveCfg = Release|Any CPU
		{B2220FF4-55B0-41C6-9A30-D9A70CF21352}.Release|Any CPU.Build.0 = Release|Any CPU
		{B2220FF4-55B0-41C6-9A30-D9A70CF21352}.Release|x64.ActiveCfg = Release|Any CPU
		{B2220FF4-55B0-41C6-9A30-D9A70CF21352}.Release|x64.Build.0 = Release|Any CPU
		{2D45491C-004B-4679-A4EA-3A1B6B1DEBC6}.Debug|Any CPU.ActiveCfg = Debug|Any CPU
		{2D45491C-004B-4679-A4EA-3A1B6B1DEBC6}.Debug|Any CPU.Build.0 = Debug|Any CPU
		{2D45491C-004B-4679-A4EA-3A1B6B1DEBC6}.Debug|x64.ActiveCfg = Debug|Any CPU
		{2D45491C-004B-4679-A4EA-3A1B6B1DEBC6}.Debug|x64.Build.0 = Debug|Any CPU
		{2D45491C-004B-4679-A4EA-3A1B6B1DEBC6}.Release|Any CPU.ActiveCfg = Release|Any CPU
		{2D45491C-004B-4679-A4EA-3A1B6B1DEBC6}.Release|Any CPU.Build.0 = Release|Any CPU
		{2D45491C-004B-4679-A4EA-3A1B6B1DEBC6}.Release|x64.ActiveCfg = Release|Any CPU
		{2D45491C-004B-4679-A4EA-3A1B6B1DEBC6}.Release|x64.Build.0 = Release|Any CPU
	EndGlobalSection
	GlobalSection(SolutionProperties) = preSolution
		HideSolutionNode = FALSE
	EndGlobalSection
	GlobalSection(ExtensibilityGlobals) = postSolution
		SolutionGuid = {3969B8AA-1F7D-4428-BC63-FD42E98A8B05}
	EndGlobalSection
EndGlobal
